
Microsoft Visual Studio Solution File, Format Version 12.00
# Visual Studio Version 17
VisualStudioVersion = 17.5.002.0
MinimumVisualStudioVersion = 10.0.40219.1
Project("{9A19103F-16F7-4668-BE54-9A1E7A4F7556}") = "projeto", "projeto\projeto.csproj", "{A004B4AE-8B24-4358-BF5D-18B67DCFF351}"
EndProject
Global
	GlobalSection(SolutionConfigurationPlatforms) = preSolution
		Debug|Any CPU = Debug|Any CPU
		Release|Any CPU = Release|Any CPU
	EndGlobalSection
	GlobalSection(ProjectConfigurationPlatforms) = postSolution
		{A004B4AE-8B24-4358-BF5D-18B67DCFF351}.Debug|Any CPU.ActiveCfg = Debug|Any CPU
		{A004B4AE-8B24-4358-BF5D-18B67DCFF351}.Debug|Any CPU.Build.0 = Debug|Any CPU
		{A004B4AE-8B24-4358-BF5D-18B67DCFF351}.Release|Any CPU.ActiveCfg = Release|Any CPU
		{A004B4AE-8B24-4358-BF5D-18B67DCFF351}.Release|Any CPU.Build.0 = Release|Any CPU
	EndGlobalSection
	GlobalSection(SolutionProperties) = preSolution
		HideSolutionNode = FALSE
	EndGlobalSection
	GlobalSection(ExtensibilityGlobals) = postSolution
		SolutionGuid = {9D255548-D9B5-40E6-BACD-62EDBDE255DE}
	EndGlobalSection
EndGlobal
